schema: '2.0'
stages:
  preprocess:
    cmd: "poetry run python src/data/preprocess_air_data.py\ngit commit -am \"Updated
      preprocessed air data on $(date) with DVC pipeline and GitHub workflows\" ||
      true\ngit push || true\ndvc push || true\n"
    deps:
    - path: data/raw/air/air_data.xml
      hash: md5
      md5: a53503d623ac79cec999ac16d9a6adfb
      size: 1153272
    - path: src/data/preprocess_air_data.py
      hash: md5
      md5: 4c05872692adee6ae1662f50b0d90a7f
      size: 2106
    params:
      params.yaml:
        preprocess.station:
    outs:
    - path: data/preprocessed/air
      hash: md5
      md5: cafc65b25e37c827a214a74cf5f9efaf.dir
      size: 96086
      nfiles: 23
  validate:
    cmd: "cd gx && poetry run python run_checkpoint.py\n"
    deps:
    - path: data/preprocessed/air/
      hash: md5
      md5: cafc65b25e37c827a214a74cf5f9efaf.dir
      size: 96086
      nfiles: 23
    outs:
    - path: gx/uncommitted
      hash: md5
      md5: 163233a2108aa3eff449a4049bfd679d.dir
      size: 22651520
      nfiles: 614
  test_data:
    cmd: "poetry run python src/data/test_data.py\n"
    deps:
    - path: data/preprocessed/air/
      hash: md5
      md5: cafc65b25e37c827a214a74cf5f9efaf.dir
      size: 96086
      nfiles: 23
    - path: src/data/test_data.py
      hash: md5
      md5: 002725e1097c8e894fbe0d26e0517330
      size: 3278
    outs:
    - path: data/reference/air
      hash: md5
      md5: 0affd896aefd0c5868a342b4bb845c11.dir
      size: 25696
      nfiles: 23
  train:
    cmd: "poetry run python src/model/train.py\ngit commit -am \"Updated models on
      $(date) with DVC pipeline and GitHub workflows\" || true\ngit push || true\n\
      dvc push || true\n"
    deps:
    - path: data/preprocessed/air/
      hash: md5
      md5: cafc65b25e37c827a214a74cf5f9efaf.dir
      size: 96086
      nfiles: 23
    - path: data/reference/air
      hash: md5
      md5: 0affd896aefd0c5868a342b4bb845c11.dir
      size: 25696
      nfiles: 23
    - path: gx/uncommitted
      hash: md5
      md5: 7357155c072de9c643760f709ec0e40d.dir
      size: 21208073
      nfiles: 568
    - path: src/model/preprocess.py
      hash: md5
      md5: 497d8df1527cd90a4fb45391f0826db3
      size: 1390
    - path: src/model/train.py
      hash: md5
      md5: b9d1ebb21a0e9a0930634e608293dee4
      size: 5222
    params:
      params.yaml:
        train.random_state: 42
        train.target_col: PM10
        train.test_size: 48
        train.window_size: 12
    outs:
    - path: models/
      hash: md5
      md5: 400f1f4fe41893ff838ea91dbb61b4c5.dir
      size: 11555847
      nfiles: 84
