schema: '2.0'
stages:
  preprocess:
    cmd: "poetry run python src/data/preprocess_air_data.py\ngit commit -am \"Updated
      preprocessed air data on $(date) with DVC pipeline and GitHub workflows\" ||
      true\ngit push || true\ndvc push || true\n"
    deps:
    - path: data/raw/air/air_data.xml
      hash: md5
      md5: a53503d623ac79cec999ac16d9a6adfb
      size: 1153272
    - path: src/data/preprocess_air_data.py
      hash: md5
      md5: 4c05872692adee6ae1662f50b0d90a7f
      size: 2106
    params:
      params.yaml:
        preprocess.station:
    outs:
    - path: data/preprocessed/air
      hash: md5
      md5: cafc65b25e37c827a214a74cf5f9efaf.dir
      size: 96086
      nfiles: 23
  validate:
    cmd: "cd gx && poetry run python run_checkpoint.py\n"
    deps:
    - path: data/preprocessed/air/
      hash: md5
      md5: cafc65b25e37c827a214a74cf5f9efaf.dir
      size: 96086
      nfiles: 23
    outs:
    - path: gx/uncommitted
      hash: md5
      md5: 62ae663b923dd646a0fde4d5c2a6432e.dir
      size: 19764627
      nfiles: 522
  test_data:
    cmd: "poetry run python src/data/test_data.py\n"
    deps:
    - path: data/preprocessed/air/
      hash: md5
      md5: cafc65b25e37c827a214a74cf5f9efaf.dir
      size: 96086
      nfiles: 23
    - path: src/data/test_data.py
      hash: md5
      md5: 002725e1097c8e894fbe0d26e0517330
      size: 3278
    outs:
    - path: data/reference/air
      hash: md5
      md5: 0affd896aefd0c5868a342b4bb845c11.dir
      size: 25696
      nfiles: 23
  train:
    cmd: "poetry run python src/model/train.py\ngit commit -am \"Updated models on
      $(date) with DVC pipeline and GitHub workflows\" || true\ngit push || true\n\
      dvc push || true\n"
    deps:
    - path: data/preprocessed/air/
      hash: md5
      md5: cafc65b25e37c827a214a74cf5f9efaf.dir
      size: 96086
      nfiles: 23
    - path: data/reference/air
      hash: md5
      md5: 0affd896aefd0c5868a342b4bb845c11.dir
      size: 25696
      nfiles: 23
    - path: gx/uncommitted
      hash: md5
      md5: 62ae663b923dd646a0fde4d5c2a6432e.dir
      size: 19764627
      nfiles: 522
    - path: src/model/preprocess.py
      hash: md5
      md5: 497d8df1527cd90a4fb45391f0826db3
      size: 1390
    - path: src/model/train.py
      hash: md5
      md5: 0965122e757eeca09383028fed4880f2
      size: 4779
    params:
      params.yaml:
        train.random_state: 42
        train.target_col: PM10
        train.test_size: 48
        train.window_size: 12
    outs:
    - path: models/
      hash: md5
      md5: 600499dce77d251b5816af1458946d01.dir
      size: 11555729
      nfiles: 84
