schema: '2.0'
stages:
  fetch:
    cmd: "poetry run python src/data/fetch_air_data.py\ngit commit -am \"Updated raw
      air data on `date` with DVC pipeline and GitHub workflows\" || true\ngit push
      || true\ndvc push || true\n"
    deps:
    - path: src/data/fetch_air_data.py
      hash: md5
      md5: 16197c4c7f50f5fbd3a036230766d288
      size: 924
    params:
      params.yaml:
        fetch.url: https://www.arso.gov.si/xml/zrak/ones_zrak_urni_podatki_7dni.xml
    outs:
    - path: data/raw/air/air_data.xml
      hash: md5
      md5: fdde87fb00076f468b235e65ee454738
      size: 1149482
  preprocess:
    cmd: "poetry run python src/data/preprocess_air_data.py\ngit commit -am \"Updated
      preprocessed air data on `date` with DVC pipeline and GitHub workflows\" ||
      true\ngit push || true\ndvc push || true\n"
    deps:
    - path: data/raw/air/air_data.xml
      hash: md5
      md5: e3eb1f1daebc65cdda8ccf72bda06a94
      size: 1149620
    - path: src/data/preprocess_air_data.py
      hash: md5
      md5: 4c05872692adee6ae1662f50b0d90a7f
      size: 2106
    params:
      params.yaml:
        preprocess.station:
    outs:
    - path: data/preprocessed/air
      hash: md5
      md5: 95f16ffa9595a829f2467f867dcc038f.dir
      size: 96987
      nfiles: 23
